
Microsoft Visual Studio Solution File, Format Version 12.00
# Visual Studio Version 17
VisualStudioVersion = 17.9.34622.214
MinimumVisualStudioVersion = 10.0.40219.1
Project("{2150E333-8FDC-42A3-9474-1A3956D46DE8}") = "src", "src", "{71DD50A5-66D1-45B2-A9C2-49225E858283}"
EndProject
Project("{2150E333-8FDC-42A3-9474-1A3956D46DE8}") = "test", "test", "{1559FACB-47BB-426D-8903-A3AF70979095}"
EndProject
Project("{2150E333-8FDC-42A3-9474-1A3956D46DE8}") = "global", "global", "{75F5018F-D9D0-4077-B233-7423A2445185}"
EndProject
Project("{2150E333-8FDC-42A3-9474-1A3956D46DE8}") = "gateways", "gateways", "{626E8683-2A8D-4400-81C4-63356B2BCFA3}"
EndProject
Project("{2150E333-8FDC-42A3-9474-1A3956D46DE8}") = "microservices", "microservices", "{402254CE-560E-41D6-82B1-D6DD0557AE5E}"
EndProject
Project("{2150E333-8FDC-42A3-9474-1A3956D46DE8}") = "middleware", "middleware", "{DC46DF81-761C-4E80-9789-1D5B1B75DF77}"
EndProject
Project("{2150E333-8FDC-42A3-9474-1A3956D46DE8}") = "ui", "ui", "{F8D8B593-C1FD-4DA6-88BC-C6434D22A2DA}"
EndProject
Project("{9A19103F-16F7-4668-BE54-9A1E7A4F7556}") = "CatalogMicroservice", "src\microservices\CatalogMicroservice\CatalogMicroservice.csproj", "{851E2450-379F-474E-B689-608CDAB36C8A}"
EndProject
Project("{9A19103F-16F7-4668-BE54-9A1E7A4F7556}") = "IdentityMicroservice", "src\microservices\IdentityMicroservice\IdentityMicroservice\IdentityMicroservice.csproj", "{B131ED5C-4A6B-444A-A0C2-C26C1A5ABAA5}"
EndProject
Project("{9A19103F-16F7-4668-BE54-9A1E7A4F7556}") = "Middleware", "src\middleware\Middleware\Middleware.csproj", "{EDA9CD4E-26BD-4B5D-9D90-29FBFE3720E6}"
EndProject
Project("{9A19103F-16F7-4668-BE54-9A1E7A4F7556}") = "CartMicroservice", "src\microservices\CartMicroservice\CartMicroservice.csproj", "{77CB0CD2-5325-40CE-89B8-27FB3EA78220}"
EndProject
Project("{9A19103F-16F7-4668-BE54-9A1E7A4F7556}") = "FrontendGateway", "src\gateways\FrontendGateway\FrontendGateway.csproj", "{FE3E98F9-FEB9-489F-B522-D51DDFC8F82B}"
EndProject
Project("{9A19103F-16F7-4668-BE54-9A1E7A4F7556}") = "BackendGateway", "src\gateways\BackendGateway\BackendGateway.csproj", "{9EEB1804-D7C2-44F6-993B-D1134B4EE8F0}"
EndProject
Project("{9A19103F-16F7-4668-BE54-9A1E7A4F7556}") = "Frontend", "src\ui\Frontend\Frontend.csproj", "{BF034B5B-0E63-4250-BAD0-392474516D24}"
EndProject
Project("{9A19103F-16F7-4668-BE54-9A1E7A4F7556}") = "Backend", "src\ui\Backend\Backend.csproj", "{F8462A1B-CA51-4A26-9B60-27E7CA8BAEF5}"
EndProject
Project("{9A19103F-16F7-4668-BE54-9A1E7A4F7556}") = "CatalogMicroservice.Test", "test\CatalogMicroservice.Test\CatalogMicroservice.Test.csproj", "{C238D74A-9209-447E-9A9D-CD4AC2B78129}"
EndProject
Project("{9A19103F-16F7-4668-BE54-9A1E7A4F7556}") = "CartMicroservice.Test", "test\CartMicroservice.Test\CartMicroservice.Test.csproj", "{F74CD5F8-474D-4BD7-88F9-5521D8D10EB8}"
EndProject
Project("{9A19103F-16F7-4668-BE54-9A1E7A4F7556}") = "IdentityMicroservice.Test", "test\IdentityMicroservice.Test\IdentityMicroservice.Test.csproj", "{80B67F37-FDE4-4D84-97E8-2DDA759DF927}"
EndProject
Project("{2150E333-8FDC-42A3-9474-1A3956D46DE8}") = "Solution Items", "Solution Items", "{1B0C21DE-CD46-4D2B-BD06-4CC1DBE02EC5}"
	ProjectSection(SolutionItems) = preProject
		docker-compose.yml = docker-compose.yml
	EndProjectSection
EndProject
Global
	GlobalSection(SolutionConfigurationPlatforms) = preSolution
		Debug|Any CPU = Debug|Any CPU
		Release|Any CPU = Release|Any CPU
	EndGlobalSection
	GlobalSection(ProjectConfigurationPlatforms) = postSolution
		{851E2450-379F-474E-B689-608CDAB36C8A}.Debug|Any CPU.ActiveCfg = Debug|Any CPU
		{851E2450-379F-474E-B689-608CDAB36C8A}.Debug|Any CPU.Build.0 = Debug|Any CPU
		{851E2450-379F-474E-B689-608CDAB36C8A}.Release|Any CPU.ActiveCfg = Release|Any CPU
		{851E2450-379F-474E-B689-608CDAB36C8A}.Release|Any CPU.Build.0 = Release|Any CPU
		{B131ED5C-4A6B-444A-A0C2-C26C1A5ABAA5}.Debug|Any CPU.ActiveCfg = Debug|Any CPU
		{B131ED5C-4A6B-444A-A0C2-C26C1A5ABAA5}.Debug|Any CPU.Build.0 = Debug|Any CPU
		{B131ED5C-4A6B-444A-A0C2-C26C1A5ABAA5}.Release|Any CPU.ActiveCfg = Release|Any CPU
		{B131ED5C-4A6B-444A-A0C2-C26C1A5ABAA5}.Release|Any CPU.Build.0 = Release|Any CPU
		{EDA9CD4E-26BD-4B5D-9D90-29FBFE3720E6}.Debug|Any CPU.ActiveCfg = Debug|Any CPU
		{EDA9CD4E-26BD-4B5D-9D90-29FBFE3720E6}.Debug|Any CPU.Build.0 = Debug|Any CPU
		{EDA9CD4E-26BD-4B5D-9D90-29FBFE3720E6}.Release|Any CPU.ActiveCfg = Release|Any CPU
		{EDA9CD4E-26BD-4B5D-9D90-29FBFE3720E6}.Release|Any CPU.Build.0 = Release|Any CPU
		{77CB0CD2-5325-40CE-89B8-27FB3EA78220}.Debug|Any CPU.ActiveCfg = Debug|Any CPU
		{77CB0CD2-5325-40CE-89B8-27FB3EA78220}.Debug|Any CPU.Build.0 = Debug|Any CPU
		{77CB0CD2-5325-40CE-89B8-27FB3EA78220}.Release|Any CPU.ActiveCfg = Release|Any CPU
		{77CB0CD2-5325-40CE-89B8-27FB3EA78220}.Release|Any CPU.Build.0 = Release|Any CPU
		{FE3E98F9-FEB9-489F-B522-D51DDFC8F82B}.Debug|Any CPU.ActiveCfg = Debug|Any CPU
		{FE3E98F9-FEB9-489F-B522-D51DDFC8F82B}.Debug|Any CPU.Build.0 = Debug|Any CPU
		{FE3E98F9-FEB9-489F-B522-D51DDFC8F82B}.Release|Any CPU.ActiveCfg = Release|Any CPU
		{FE3E98F9-FEB9-489F-B522-D51DDFC8F82B}.Release|Any CPU.Build.0 = Release|Any CPU
		{9EEB1804-D7C2-44F6-993B-D1134B4EE8F0}.Debug|Any CPU.ActiveCfg = Debug|Any CPU
		{9EEB1804-D7C2-44F6-993B-D1134B4EE8F0}.Debug|Any CPU.Build.0 = Debug|Any CPU
		{9EEB1804-D7C2-44F6-993B-D1134B4EE8F0}.Release|Any CPU.ActiveCfg = Release|Any CPU
		{9EEB1804-D7C2-44F6-993B-D1134B4EE8F0}.Release|Any CPU.Build.0 = Release|Any CPU
		{BF034B5B-0E63-4250-BAD0-392474516D24}.Debug|Any CPU.ActiveCfg = Debug|Any CPU
		{BF034B5B-0E63-4250-BAD0-392474516D24}.Debug|Any CPU.Build.0 = Debug|Any CPU
		{BF034B5B-0E63-4250-BAD0-392474516D24}.Release|Any CPU.ActiveCfg = Release|Any CPU
		{BF034B5B-0E63-4250-BAD0-392474516D24}.Release|Any CPU.Build.0 = Release|Any CPU
		{F8462A1B-CA51-4A26-9B60-27E7CA8BAEF5}.Debug|Any CPU.ActiveCfg = Debug|Any CPU
		{F8462A1B-CA51-4A26-9B60-27E7CA8BAEF5}.Debug|Any CPU.Build.0 = Debug|Any CPU
		{F8462A1B-CA51-4A26-9B60-27E7CA8BAEF5}.Release|Any CPU.ActiveCfg = Release|Any CPU
		{F8462A1B-CA51-4A26-9B60-27E7CA8BAEF5}.Release|Any CPU.Build.0 = Release|Any CPU
		{C238D74A-9209-447E-9A9D-CD4AC2B78129}.Debug|Any CPU.ActiveCfg = Debug|Any CPU
		{C238D74A-9209-447E-9A9D-CD4AC2B78129}.Debug|Any CPU.Build.0 = Debug|Any CPU
		{C238D74A-9209-447E-9A9D-CD4AC2B78129}.Release|Any CPU.ActiveCfg = Release|Any CPU
		{C238D74A-9209-447E-9A9D-CD4AC2B78129}.Release|Any CPU.Build.0 = Release|Any CPU
		{F74CD5F8-474D-4BD7-88F9-5521D8D10EB8}.Debug|Any CPU.ActiveCfg = Debug|Any CPU
		{F74CD5F8-474D-4BD7-88F9-5521D8D10EB8}.Debug|Any CPU.Build.0 = Debug|Any CPU
		{F74CD5F8-474D-4BD7-88F9-5521D8D10EB8}.Release|Any CPU.ActiveCfg = Release|Any CPU
		{F74CD5F8-474D-4BD7-88F9-5521D8D10EB8}.Release|Any CPU.Build.0 = Release|Any CPU
		{80B67F37-FDE4-4D84-97E8-2DDA759DF927}.Debug|Any CPU.ActiveCfg = Debug|Any CPU
		{80B67F37-FDE4-4D84-97E8-2DDA759DF927}.Debug|Any CPU.Build.0 = Debug|Any CPU
		{80B67F37-FDE4-4D84-97E8-2DDA759DF927}.Release|Any CPU.ActiveCfg = Release|Any CPU
		{80B67F37-FDE4-4D84-97E8-2DDA759DF927}.Release|Any CPU.Build.0 = Release|Any CPU
	EndGlobalSection
	GlobalSection(SolutionProperties) = preSolution
		HideSolutionNode = FALSE
	EndGlobalSection
	GlobalSection(NestedProjects) = preSolution
		{626E8683-2A8D-4400-81C4-63356B2BCFA3} = {71DD50A5-66D1-45B2-A9C2-49225E858283}
		{402254CE-560E-41D6-82B1-D6DD0557AE5E} = {71DD50A5-66D1-45B2-A9C2-49225E858283}
		{DC46DF81-761C-4E80-9789-1D5B1B75DF77} = {71DD50A5-66D1-45B2-A9C2-49225E858283}
		{F8D8B593-C1FD-4DA6-88BC-C6434D22A2DA} = {71DD50A5-66D1-45B2-A9C2-49225E858283}
		{851E2450-379F-474E-B689-608CDAB36C8A} = {402254CE-560E-41D6-82B1-D6DD0557AE5E}
		{B131ED5C-4A6B-444A-A0C2-C26C1A5ABAA5} = {402254CE-560E-41D6-82B1-D6DD0557AE5E}
		{EDA9CD4E-26BD-4B5D-9D90-29FBFE3720E6} = {DC46DF81-761C-4E80-9789-1D5B1B75DF77}
		{77CB0CD2-5325-40CE-89B8-27FB3EA78220} = {402254CE-560E-41D6-82B1-D6DD0557AE5E}
		{FE3E98F9-FEB9-489F-B522-D51DDFC8F82B} = {626E8683-2A8D-4400-81C4-63356B2BCFA3}
		{9EEB1804-D7C2-44F6-993B-D1134B4EE8F0} = {626E8683-2A8D-4400-81C4-63356B2BCFA3}
		{BF034B5B-0E63-4250-BAD0-392474516D24} = {F8D8B593-C1FD-4DA6-88BC-C6434D22A2DA}
		{F8462A1B-CA51-4A26-9B60-27E7CA8BAEF5} = {F8D8B593-C1FD-4DA6-88BC-C6434D22A2DA}
		{C238D74A-9209-447E-9A9D-CD4AC2B78129} = {1559FACB-47BB-426D-8903-A3AF70979095}
		{F74CD5F8-474D-4BD7-88F9-5521D8D10EB8} = {1559FACB-47BB-426D-8903-A3AF70979095}
		{80B67F37-FDE4-4D84-97E8-2DDA759DF927} = {1559FACB-47BB-426D-8903-A3AF70979095}
	EndGlobalSection
	GlobalSection(ExtensibilityGlobals) = postSolution
		SolutionGuid = {4A2A0303-5528-481F-85CA-B81D32FF65FA}
	EndGlobalSection
EndGlobal
